Microsoft Visual Studio Solution File, Format Version 12.00
# Visual Studio Version 17
VisualStudioVersion = 17.5.2.0
MinimumVisualStudioVersion = 10.0.40219.1
Project("{FAE04EC0-301F-11D3-BF4B-00C04F79EFBC}") = "EduBridgeMVC", "EduBridgeMVC.csproj", "{00979927-F092-AD20-CD9F-99569C72E50D}"
EndProject
Global
	GlobalSection(SolutionConfigurationPlatforms) = preSolution
		Debug|Any CPU = Debug|Any CPU
		Release|Any CPU = Release|Any CPU
	EndGlobalSection
	GlobalSection(ProjectConfigurationPlatforms) = postSolution
		{00979927-F092-AD20-CD9F-99569C72E50D}.Debug|Any CPU.ActiveCfg = Debug|Any CPU
		{00979927-F092-AD20-CD9F-99569C72E50D}.Debug|Any CPU.Build.0 = Debug|Any CPU
		{00979927-F092-AD20-CD9F-99569C72E50D}.Release|Any CPU.ActiveCfg = Release|Any CPU
		{00979927-F092-AD20-CD9F-99569C72E50D}.Release|Any CPU.Build.0 = Release|Any CPU
	EndGlobalSection
	GlobalSection(SolutionProperties) = preSolution
		HideSolutionNode = FALSE
	EndGlobalSection
	GlobalSection(ExtensibilityGlobals) = postSolution
		SolutionGuid = {3D5EC8A4-3486-46B4-AA46-544F18F29B81}
	EndGlobalSection
EndGlobal
